{
  "name": "c64",
  "version": "1.0.0",
  "lockfileVersion": 1,
  "requires": true,
  "dependencies": {
    "ansi": {
      "version": "0.1.2",
      "resolved": "https://registry.npmjs.org/ansi/-/ansi-0.1.2.tgz",
      "integrity": "sha1-JifilJjwbiocLs6cIeKP1JRDCCc="
    },
    "commander": {
      "version": "0.6.1",
      "resolved": "https://registry.npmjs.org/commander/-/commander-0.6.1.tgz",
      "integrity": "sha1-+mihT2qUXVTbvlDYzbMyDp47GgY="
    },
    "dustlayer": {
      "version": "0.5.1",
      "resolved": "https://registry.npmjs.org/dustlayer/-/dustlayer-0.5.1.tgz",
      "integrity": "sha1-2Fc70Kt2Y91LhTOh5eAFprUL704=",
      "requires": {
        "ansi": "0.1.2",
        "commander": "0.6.1",
        "github": "0.1.8",
        "shelljs": "0.1.2"
      }
    },
    "github": {
      "version": "0.1.8",
      "resolved": "https://registry.npmjs.org/github/-/github-0.1.8.tgz",
      "integrity": "sha1-qb/AplJEZUV30iKON1d6Qcev/Yk="
    },
    "shelljs": {
      "version": "0.1.2",
      "resolved": "https://registry.npmjs.org/shelljs/-/shelljs-0.1.2.tgz",
      "integrity": "sha1-Fhn/TlJn9mm+FFlYIb4bcWx8dMA="
    }
  }
}
